
Microsoft Visual Studio Solution File, Format Version 12.00
# Visual Studio Version 17
VisualStudioVersion = 17.11.35219.272
MinimumVisualStudioVersion = 10.0.40219.1
Project("{8BC9CEB8-8B4A-11D0-8D11-00A0C91BC942}") = "Lab 01", "Lab 01\Lab 01.vcxproj", "{84568D3E-8006-402D-8656-039F4EA60D7D}"
EndProject
Global
	GlobalSection(SolutionConfigurationPlatforms) = preSolution
		Debug|x64 = Debug|x64
		Debug|x86 = Debug|x86
		Release|x64 = Release|x64
		Release|x86 = Release|x86
	EndGlobalSection
	GlobalSection(ProjectConfigurationPlatforms) = postSolution
		{84568D3E-8006-402D-8656-039F4EA60D7D}.Debug|x64.ActiveCfg = Debug|x64
		{84568D3E-8006-402D-8656-039F4EA60D7D}.Debug|x64.Build.0 = Debug|x64
		{84568D3E-8006-402D-8656-039F4EA60D7D}.Debug|x86.ActiveCfg = Debug|Win32
		{84568D3E-8006-402D-8656-039F4EA60D7D}.Debug|x86.Build.0 = Debug|Win32
		{84568D3E-8006-402D-8656-039F4EA60D7D}.Release|x64.ActiveCfg = Release|x64
		{84568D3E-8006-402D-8656-039F4EA60D7D}.Release|x64.Build.0 = Release|x64
		{84568D3E-8006-402D-8656-039F4EA60D7D}.Release|x86.ActiveCfg = Release|Win32
		{84568D3E-8006-402D-8656-039F4EA60D7D}.Release|x86.Build.0 = Release|Win32
	EndGlobalSection
	GlobalSection(SolutionProperties) = preSolution
		HideSolutionNode = FALSE
	EndGlobalSection
	GlobalSection(ExtensibilityGlobals) = postSolution
		SolutionGuid = {D79C18A0-8E56-49A1-833F-CF3C631109A0}
	EndGlobalSection
EndGlobal
